
Microsoft Visual Studio Solution File, Format Version 12.00
# Visual Studio Version 17
VisualStudioVersion = 17.3.32929.385
MinimumVisualStudioVersion = 10.0.40219.1
Project("{9A19103F-16F7-4668-BE54-9A1E7A4F7556}") = "CPSC481", "CPSC481\CPSC481.csproj", "{07975469-21B4-4796-9540-C2329D9518F0}"
EndProject
Global
	GlobalSection(SolutionConfigurationPlatforms) = preSolution
		Debug|Any CPU = Debug|Any CPU
		Release|Any CPU = Release|Any CPU
	EndGlobalSection
	GlobalSection(ProjectConfigurationPlatforms) = postSolution
		{07975469-21B4-4796-9540-C2329D9518F0}.Debug|Any CPU.ActiveCfg = Debug|Any CPU
		{07975469-21B4-4796-9540-C2329D9518F0}.Debug|Any CPU.Build.0 = Debug|Any CPU
		{07975469-21B4-4796-9540-C2329D9518F0}.Release|Any CPU.ActiveCfg = Release|Any CPU
		{07975469-21B4-4796-9540-C2329D9518F0}.Release|Any CPU.Build.0 = Release|Any CPU
	EndGlobalSection
	GlobalSection(SolutionProperties) = preSolution
		HideSolutionNode = FALSE
	EndGlobalSection
	GlobalSection(ExtensibilityGlobals) = postSolution
		SolutionGuid = {83DFDDC5-2CC7-4611-BD12-DB6FEF70C65D}
	EndGlobalSection
EndGlobal
